
Microsoft Visual Studio Solution File, Format Version 12.00
# Visual Studio 15
VisualStudioVersion = 15.0.26730.15
MinimumVisualStudioVersion = 10.0.40219.1
Project("{FAE04EC0-301F-11D3-BF4B-00C04F79EFBC}") = "ConsoleApp3", "ConsoleApp3\ConsoleApp3.csproj", "{F0F97B96-8FBD-4E23-91D0-81DB91AA36BA}"
EndProject
Global
	GlobalSection(SolutionConfigurationPlatforms) = preSolution
		Debug|Any CPU = Debug|Any CPU
		Release|Any CPU = Release|Any CPU
	EndGlobalSection
	GlobalSection(ProjectConfigurationPlatforms) = postSolution
		{F0F97B96-8FBD-4E23-91D0-81DB91AA36BA}.Debug|Any CPU.ActiveCfg = Debug|Any CPU
		{F0F97B96-8FBD-4E23-91D0-81DB91AA36BA}.Debug|Any CPU.Build.0 = Debug|Any CPU
		{F0F97B96-8FBD-4E23-91D0-81DB91AA36BA}.Release|Any CPU.ActiveCfg = Release|Any CPU
		{F0F97B96-8FBD-4E23-91D0-81DB91AA36BA}.Release|Any CPU.Build.0 = Release|Any CPU
	EndGlobalSection
	GlobalSection(SolutionProperties) = preSolution
		HideSolutionNode = FALSE
	EndGlobalSection
	GlobalSection(ExtensibilityGlobals) = postSolution
		SolutionGuid = {0436E112-D14B-4F81-905A-9E17550AC3D5}
	EndGlobalSection
EndGlobal
